
Microsoft Visual Studio Solution File, Format Version 12.00
# Visual Studio Version 17
VisualStudioVersion = 17.2.32616.157
MinimumVisualStudioVersion = 10.0.40219.1
Project("{9A19103F-16F7-4668-BE54-9A1E7A4F7556}") = "QR", "QR\QR.csproj", "{F4A1E15E-008F-40CA-9935-04285006A196}"
EndProject
Project("{2150E333-8FDC-42A3-9474-1A3956D46DE8}") = "Solution Items", "Solution Items", "{9EAD0F64-AA02-4B5A-9863-B9D942BD8012}"
	ProjectSection(SolutionItems) = preProject
		..\image.png = ..\image.png
	EndProjectSection
EndProject
Global
	GlobalSection(SolutionConfigurationPlatforms) = preSolution
		Debug|Any CPU = Debug|Any CPU
		Release|Any CPU = Release|Any CPU
	EndGlobalSection
	GlobalSection(ProjectConfigurationPlatforms) = postSolution
		{F4A1E15E-008F-40CA-9935-04285006A196}.Debug|Any CPU.ActiveCfg = Debug|Any CPU
		{F4A1E15E-008F-40CA-9935-04285006A196}.Debug|Any CPU.Build.0 = Debug|Any CPU
		{F4A1E15E-008F-40CA-9935-04285006A196}.Release|Any CPU.ActiveCfg = Release|Any CPU
		{F4A1E15E-008F-40CA-9935-04285006A196}.Release|Any CPU.Build.0 = Release|Any CPU
	EndGlobalSection
	GlobalSection(SolutionProperties) = preSolution
		HideSolutionNode = FALSE
	EndGlobalSection
	GlobalSection(ExtensibilityGlobals) = postSolution
		SolutionGuid = {87008E4F-5E55-4F05-90F1-50C0E69B55F6}
	EndGlobalSection
EndGlobal
